{
  "object": {
    "pins": [
      {
        "package": "Shapes",
        "repositoryURL": "https://github.com/spacenation/swiftui-shapes.git",
        "state": {
          "branch": null,
          "revision": "c58b15c37eae9bd20525c6daa93a06a689ca75cb",
          "version": "1.1.0"
        }
      }
    ]
  },
  "version": 1
}
