{
  "object": {
    "pins": [
      {
        "package": "Shapes",
        "repositoryURL": "https://github.com/SwiftUIExtensions/Shapes.git",
        "state": {
          "branch": null,
          "revision": "f1681449c0e3300003d367c1c95b808b05383f85",
          "version": "0.0.5"
        }
      }
    ]
  },
  "version": 1
}
