{
  "object": {
    "pins": [
      {
        "package": "Shapes",
        "repositoryURL": "https://github.com/SwiftUIExtensions/Shapes.git",
        "state": {
          "branch": null,
          "revision": "dcf452222385e11b5a89bc68400bf5ab4b2abf98",
          "version": "0.0.4"
        }
      }
    ]
  },
  "version": 1
}
